
Microsoft Visual Studio Solution File, Format Version 12.00
# Visual Studio Version 16
VisualStudioVersion = 16.0.32901.82
MinimumVisualStudioVersion = 10.0.40219.1
Project("{8BC9CEB8-8B4A-11D0-8D11-00A0C91BC942}") = "2022.09.01_Proyecto000", "2022.09.01_Proyecto000.vcxproj", "{6EE94296-BA77-408D-AB2C-06E988B42AB5}"
EndProject
Global
	GlobalSection(SolutionConfigurationPlatforms) = preSolution
		Debug|x64 = Debug|x64
		Debug|x86 = Debug|x86
		Release|x64 = Release|x64
		Release|x86 = Release|x86
	EndGlobalSection
	GlobalSection(ProjectConfigurationPlatforms) = postSolution
		{6EE94296-BA77-408D-AB2C-06E988B42AB5}.Debug|x64.ActiveCfg = Debug|x64
		{6EE94296-BA77-408D-AB2C-06E988B42AB5}.Debug|x64.Build.0 = Debug|x64
		{6EE94296-BA77-408D-AB2C-06E988B42AB5}.Debug|x86.ActiveCfg = Debug|Win32
		{6EE94296-BA77-408D-AB2C-06E988B42AB5}.Debug|x86.Build.0 = Debug|Win32
		{6EE94296-BA77-408D-AB2C-06E988B42AB5}.Release|x64.ActiveCfg = Release|x64
		{6EE94296-BA77-408D-AB2C-06E988B42AB5}.Release|x64.Build.0 = Release|x64
		{6EE94296-BA77-408D-AB2C-06E988B42AB5}.Release|x86.ActiveCfg = Release|Win32
		{6EE94296-BA77-408D-AB2C-06E988B42AB5}.Release|x86.Build.0 = Release|Win32
	EndGlobalSection
	GlobalSection(SolutionProperties) = preSolution
		HideSolutionNode = FALSE
	EndGlobalSection
	GlobalSection(ExtensibilityGlobals) = postSolution
		SolutionGuid = {3C6D7839-5C34-4936-8F42-FF22B7BB08C7}
	EndGlobalSection
EndGlobal
