
Microsoft Visual Studio Solution File, Format Version 12.00
# Visual Studio Version 16
VisualStudioVersion = 16.0.32901.82
MinimumVisualStudioVersion = 10.0.40219.1
Project("{8BC9CEB8-8B4A-11D0-8D11-00A0C91BC942}") = "MathLibrary", "MathLibrary\MathLibrary.vcxproj", "{EA4470C7-A9FD-4CBE-9FAB-E70A692F5B1D}"
EndProject
Project("{8BC9CEB8-8B4A-11D0-8D11-00A0C91BC942}") = "MathClient", "MathClient\MathClient.vcxproj", "{F5AC4397-D502-4B24-8C9D-8A86F0B506E4}"
EndProject
Global
	GlobalSection(SolutionConfigurationPlatforms) = preSolution
		Debug|x64 = Debug|x64
		Debug|x86 = Debug|x86
		Release|x64 = Release|x64
		Release|x86 = Release|x86
	EndGlobalSection
	GlobalSection(ProjectConfigurationPlatforms) = postSolution
		{EA4470C7-A9FD-4CBE-9FAB-E70A692F5B1D}.Debug|x64.ActiveCfg = Debug|x64
		{EA4470C7-A9FD-4CBE-9FAB-E70A692F5B1D}.Debug|x64.Build.0 = Debug|x64
		{EA4470C7-A9FD-4CBE-9FAB-E70A692F5B1D}.Debug|x86.ActiveCfg = Debug|Win32
		{EA4470C7-A9FD-4CBE-9FAB-E70A692F5B1D}.Debug|x86.Build.0 = Debug|Win32
		{EA4470C7-A9FD-4CBE-9FAB-E70A692F5B1D}.Release|x64.ActiveCfg = Release|x64
		{EA4470C7-A9FD-4CBE-9FAB-E70A692F5B1D}.Release|x64.Build.0 = Release|x64
		{EA4470C7-A9FD-4CBE-9FAB-E70A692F5B1D}.Release|x86.ActiveCfg = Release|Win32
		{EA4470C7-A9FD-4CBE-9FAB-E70A692F5B1D}.Release|x86.Build.0 = Release|Win32
		{F5AC4397-D502-4B24-8C9D-8A86F0B506E4}.Debug|x64.ActiveCfg = Debug|x64
		{F5AC4397-D502-4B24-8C9D-8A86F0B506E4}.Debug|x64.Build.0 = Debug|x64
		{F5AC4397-D502-4B24-8C9D-8A86F0B506E4}.Debug|x86.ActiveCfg = Debug|Win32
		{F5AC4397-D502-4B24-8C9D-8A86F0B506E4}.Debug|x86.Build.0 = Debug|Win32
		{F5AC4397-D502-4B24-8C9D-8A86F0B506E4}.Release|x64.ActiveCfg = Release|x64
		{F5AC4397-D502-4B24-8C9D-8A86F0B506E4}.Release|x64.Build.0 = Release|x64
		{F5AC4397-D502-4B24-8C9D-8A86F0B506E4}.Release|x86.ActiveCfg = Release|Win32
		{F5AC4397-D502-4B24-8C9D-8A86F0B506E4}.Release|x86.Build.0 = Release|Win32
	EndGlobalSection
	GlobalSection(SolutionProperties) = preSolution
		HideSolutionNode = FALSE
	EndGlobalSection
	GlobalSection(ExtensibilityGlobals) = postSolution
		SolutionGuid = {5D995364-3A7B-4ABB-A9B7-502771027BE7}
	EndGlobalSection
EndGlobal
