
Microsoft Visual Studio Solution File, Format Version 12.00
# Visual Studio Version 16
VisualStudioVersion = 16.0.32901.82
MinimumVisualStudioVersion = 10.0.40219.1
Project("{8BC9CEB8-8B4A-11D0-8D11-00A0C91BC942}") = "2022.09.30_Proyecto003_PrintfScanf", "2022.09.30_Proyecto003_PrintfScanf.vcxproj", "{D6B43994-BA06-4CA0-9CE5-A88AD752DC97}"
EndProject
Global
	GlobalSection(SolutionConfigurationPlatforms) = preSolution
		Debug|x64 = Debug|x64
		Debug|x86 = Debug|x86
		Release|x64 = Release|x64
		Release|x86 = Release|x86
	EndGlobalSection
	GlobalSection(ProjectConfigurationPlatforms) = postSolution
		{D6B43994-BA06-4CA0-9CE5-A88AD752DC97}.Debug|x64.ActiveCfg = Debug|x64
		{D6B43994-BA06-4CA0-9CE5-A88AD752DC97}.Debug|x64.Build.0 = Debug|x64
		{D6B43994-BA06-4CA0-9CE5-A88AD752DC97}.Debug|x86.ActiveCfg = Debug|Win32
		{D6B43994-BA06-4CA0-9CE5-A88AD752DC97}.Debug|x86.Build.0 = Debug|Win32
		{D6B43994-BA06-4CA0-9CE5-A88AD752DC97}.Release|x64.ActiveCfg = Release|x64
		{D6B43994-BA06-4CA0-9CE5-A88AD752DC97}.Release|x64.Build.0 = Release|x64
		{D6B43994-BA06-4CA0-9CE5-A88AD752DC97}.Release|x86.ActiveCfg = Release|Win32
		{D6B43994-BA06-4CA0-9CE5-A88AD752DC97}.Release|x86.Build.0 = Release|Win32
	EndGlobalSection
	GlobalSection(SolutionProperties) = preSolution
		HideSolutionNode = FALSE
	EndGlobalSection
	GlobalSection(ExtensibilityGlobals) = postSolution
		SolutionGuid = {513D4698-CEDD-4309-B27F-D47F2622459C}
	EndGlobalSection
EndGlobal
